
Microsoft Visual Studio Solution File, Format Version 12.00
# Visual Studio 15
VisualStudioVersion = 15.0.27428.2002
MinimumVisualStudioVersion = 10.0.40219.1
Project("{9A19103F-16F7-4668-BE54-9A1E7A4F7556}") = "ConsoleApp1", "ConsoleApp1\ConsoleApp1.csproj", "{EDC95A3D-E2F5-4027-88DD-30265A9A6806}"
EndProject
Global
	GlobalSection(SolutionConfigurationPlatforms) = preSolution
		Debug|Any CPU = Debug|Any CPU
		Release|Any CPU = Release|Any CPU
	EndGlobalSection
	GlobalSection(ProjectConfigurationPlatforms) = postSolution
		{EDC95A3D-E2F5-4027-88DD-30265A9A6806}.Debug|Any CPU.ActiveCfg = Debug|Any CPU
		{EDC95A3D-E2F5-4027-88DD-30265A9A6806}.Debug|Any CPU.Build.0 = Debug|Any CPU
		{EDC95A3D-E2F5-4027-88DD-30265A9A6806}.Release|Any CPU.ActiveCfg = Release|Any CPU
		{EDC95A3D-E2F5-4027-88DD-30265A9A6806}.Release|Any CPU.Build.0 = Release|Any CPU
	EndGlobalSection
	GlobalSection(SolutionProperties) = preSolution
		HideSolutionNode = FALSE
	EndGlobalSection
	GlobalSection(ExtensibilityGlobals) = postSolution
		SolutionGuid = {29218A9E-997F-472F-BA89-9EBC384C0C0B}
	EndGlobalSection
EndGlobal
